
Microsoft Visual Studio Solution File, Format Version 12.00
# Visual Studio 15
VisualStudioVersion = 15.0.28307.168
MinimumVisualStudioVersion = 10.0.40219.1
Project("{FAE04EC0-301F-11D3-BF4B-00C04F79EFBC}") = "LINQ", "LINQ\LINQ.csproj", "{B67E886A-C6BB-43CB-935D-BCE7E4EBB166}"
EndProject
Global
	GlobalSection(SolutionConfigurationPlatforms) = preSolution
		Debug|Any CPU = Debug|Any CPU
		Release|Any CPU = Release|Any CPU
	EndGlobalSection
	GlobalSection(ProjectConfigurationPlatforms) = postSolution
		{B67E886A-C6BB-43CB-935D-BCE7E4EBB166}.Debug|Any CPU.ActiveCfg = Debug|Any CPU
		{B67E886A-C6BB-43CB-935D-BCE7E4EBB166}.Debug|Any CPU.Build.0 = Debug|Any CPU
		{B67E886A-C6BB-43CB-935D-BCE7E4EBB166}.Release|Any CPU.ActiveCfg = Release|Any CPU
		{B67E886A-C6BB-43CB-935D-BCE7E4EBB166}.Release|Any CPU.Build.0 = Release|Any CPU
	EndGlobalSection
	GlobalSection(SolutionProperties) = preSolution
		HideSolutionNode = FALSE
	EndGlobalSection
	GlobalSection(ExtensibilityGlobals) = postSolution
		SolutionGuid = {6E306F71-42C3-4170-BD5E-FE21E8E0117C}
	EndGlobalSection
	GlobalSection(TeamFoundationVersionControl) = preSolution
		SccNumberOfProjects = 2
		SccEnterpriseProvider = {4CA58AB2-18FA-4F8D-95D4-32DDF27D184C}
		SccTeamFoundationServer = https://dev.azure.com/vacourse4
		SccLocalPath0 = .
		SccProjectUniqueName1 = LINQ\\LINQ.csproj
		SccProjectName1 = LINQ
		SccLocalPath1 = LINQ
	EndGlobalSection
EndGlobal
